<?xml version="1.0" encoding="utf-8"?>
<Project ToolsVersion="4.0" xmlns="http://schemas.microsoft.com/developer/msbuild/2003">
  <ItemGroup>
    <ClCompile Include="dllmain.cpp">
      <Filter>Source Files</Filter>
    </ClCompile>
    <ClCompile Include="pch.cpp">
      <Filter>Source Files</Filter>
    </ClCompile>
    <ClCompile Include="code\CCleanHeadshots.cpp">
      <Filter>Header Files</Filter>
    </ClCompile>
    <ClCompile Include="IniReader.cpp">
      <Filter>Header Files</Filter>
    </ClCompile>
    <ClCompile Include="code\mh2.cpp">
      <Filter>Header Files</Filter>
    </ClCompile>
    <ClCompile Include="code\CStuff.cpp">
      <Filter>Header Files</Filter>
    </ClCompile>
    <ClCompile Include="code\CSettingsManager.cpp">
      <Filter>Header Files</Filter>
    </ClCompile>
    <ClCompile Include="code\CDecalsFix.cpp">
      <Filter>Header Files</Filter>
    </ClCompile>
    <ClCompile Include="code\manhunt2\Player.cpp">
      <Filter>Header Files\code\manhunt2</Filter>
    </ClCompile>
    <ClCompile Include="code\manhunt2\Ped.cpp">
      <Filter>Header Files\code\manhunt2</Filter>
    </ClCompile>
    <ClCompile Include="code\manhunt2\Scene.cpp">
      <Filter>Header Files\code\manhunt2</Filter>
    </ClCompile>
    <ClCompile Include="code\plugin\eFirstPerson.cpp">
      <Filter>Header Files\code\plugin</Filter>
    </ClCompile>
    <ClCompile Include="code\manhunt2\Vector.cpp">
      <Filter>Header Files\code\manhunt2</Filter>
    </ClCompile>
    <ClCompile Include="code\plugin\eFOVAdjustment.cpp">
      <Filter>Header Files\code\plugin</Filter>
    </ClCompile>
  </ItemGroup>
  <ItemGroup>
    <ClInclude Include="framework.h">
      <Filter>Source Files</Filter>
    </ClInclude>
    <ClInclude Include="pch.h">
      <Filter>Source Files</Filter>
    </ClInclude>
    <ClInclude Include="IniReader.h">
      <Filter>Header Files</Filter>
    </ClInclude>
    <ClInclude Include="code\mh2.h">
      <Filter>Header Files</Filter>
    </ClInclude>
    <ClInclude Include="code\CStuff.h">
      <Filter>Header Files</Filter>
    </ClInclude>
    <ClInclude Include="code\CSettingsManager.h">
      <Filter>Header Files</Filter>
    </ClInclude>
    <ClInclude Include="code\CDecalsFix.h">
      <Filter>Header Files</Filter>
    </ClInclude>
    <ClInclude Include="code\CCleanHeadshots.h">
      <Filter>Header Files</Filter>
    </ClInclude>
    <ClInclude Include="resource.h" />
    <ClInclude Include="code\manhunt2\Player.h">
      <Filter>Header Files\code\manhunt2</Filter>
    </ClInclude>
    <ClInclude Include="code\manhunt2\Ped.h">
      <Filter>Header Files\code\manhunt2</Filter>
    </ClInclude>
    <ClInclude Include="code\manhunt2\core.h">
      <Filter>Header Files\code\manhunt2</Filter>
    </ClInclude>
    <ClInclude Include="code\manhunt2\Entity.h">
      <Filter>Header Files\code\manhunt2</Filter>
    </ClInclude>
    <ClInclude Include="code\manhunt2\Scene.h">
      <Filter>Header Files\code\manhunt2</Filter>
    </ClInclude>
    <ClInclude Include="code\plugin\eFirstPerson.h">
      <Filter>Header Files\code\plugin</Filter>
    </ClInclude>
    <ClInclude Include="code\manhunt2\Vector.h">
      <Filter>Header Files\code\manhunt2</Filter>
    </ClInclude>
    <ClInclude Include="code\plugin\eFOVAdjustment.h">
      <Filter>Header Files\code\plugin</Filter>
    </ClInclude>
  </ItemGroup>
  <ItemGroup>
    <Filter Include="Source Files">
      <UniqueIdentifier>{59291a92-dda5-4a03-a932-e024b3f37f1e}</UniqueIdentifier>
    </Filter>
    <Filter Include="Resource Files">
      <UniqueIdentifier>{6ec54758-0205-4ef7-9236-e86ee659d2c2}</UniqueIdentifier>
    </Filter>
    <Filter Include="Header Files">
      <UniqueIdentifier>{19cbb0c8-6322-4799-8a5d-003ab5c272d9}</UniqueIdentifier>
    </Filter>
    <Filter Include="Header Files\code">
      <UniqueIdentifier>{b71c1a37-3b1b-42d4-aedd-f02edb6b44bc}</UniqueIdentifier>
    </Filter>
    <Filter Include="Header Files\code\manhunt2">
      <UniqueIdentifier>{52eb7a27-34a8-402e-ba9e-c779f0bbfc80}</UniqueIdentifier>
    </Filter>
    <Filter Include="Header Files\code\plugin">
      <UniqueIdentifier>{36f0e9a6-e8df-4b5c-8975-7cf2adfadfb1}</UniqueIdentifier>
    </Filter>
  </ItemGroup>
  <ItemGroup>
    <ResourceCompile Include="PluginMH2.rc" />
  </ItemGroup>
</Project>